
Microsoft Visual Studio Solution File, Format Version 12.00
# Visual Studio Version 17
VisualStudioVersion = 17.14.36811.4
MinimumVisualStudioVersion = 10.0.40219.1
Project("{FAE04EC0-301F-11D3-BF4B-00C04F79EFBC}") = "PiootooApp.Server", "PiootooApp.Server\PiootooApp.Server.csproj", "{98D2CF17-2E40-4958-839D-DE76FB6D06DE}"
EndProject
Project("{FAE04EC0-301F-11D3-BF4B-00C04F79EFBC}") = "Piootoo.Shared", "Piootoo.Shared\Piootoo.Shared.csproj", "{11DAEEC2-BA1A-4D90-9133-82954D53D675}"
EndProject
Project("{FAE04EC0-301F-11D3-BF4B-00C04F79EFBC}") = "Piootoo.Domain", "Piootoo.Domain\Piootoo.Domain.csproj", "{A3698238-FA73-4F58-9E0E-AF5D7E3BCDB3}"
EndProject
Project("{FAE04EC0-301F-11D3-BF4B-00C04F79EFBC}") = "Piootoo.Core", "Piootoo.Core\Piootoo.Core.csproj", "{6131A6E7-057D-4D08-9B18-C6D5D6659035}"
EndProject
Project("{FAE04EC0-301F-11D3-BF4B-00C04F79EFBC}") = "Piootoo.Strategies", "Piootoo.Strategies\Piootoo.Strategies.csproj", "{369D83AB-ADE2-42E3-8B7E-9FFFAAC6039D}"
EndProject
Project("{FAE04EC0-301F-11D3-BF4B-00C04F79EFBC}") = "FeedWorker", "Piootoo.FeedWorker\FeedWorker.csproj", "{3E3BAF59-57FE-6436-16B7-87C901105AD6}"
EndProject
Project("{FAE04EC0-301F-11D3-BF4B-00C04F79EFBC}") = "piootooapp.clientform", "piootooapp.clientform\piootooapp.clientform.csproj", "{A47565EB-0F2C-499A-9327-9EE92920518F}"
EndProject
Project("{FAE04EC0-301F-11D3-BF4B-00C04F79EFBC}") = "Piootoo.Strategies.Tests", "Piootoo.Strategies.Tests\Piootoo.Strategies.Tests.csproj", "{96433194-8149-4B00-98E5-4A1ECCA04BD8}"
EndProject
Global
	GlobalSection(SolutionConfigurationPlatforms) = preSolution
		Debug|Any CPU = Debug|Any CPU
		Debug|x64 = Debug|x64
		Debug|x86 = Debug|x86
		Release|Any CPU = Release|Any CPU
		Release|x64 = Release|x64
		Release|x86 = Release|x86
	EndGlobalSection
	GlobalSection(ProjectConfigurationPlatforms) = postSolution
		{98D2CF17-2E40-4958-839D-DE76FB6D06DE}.Debug|Any CPU.ActiveCfg = Debug|Any CPU
		{98D2CF17-2E40-4958-839D-DE76FB6D06DE}.Debug|Any CPU.Build.0 = Debug|Any CPU
		{98D2CF17-2E40-4958-839D-DE76FB6D06DE}.Debug|x64.ActiveCfg = Debug|Any CPU
		{98D2CF17-2E40-4958-839D-DE76FB6D06DE}.Debug|x64.Build.0 = Debug|Any CPU
		{98D2CF17-2E40-4958-839D-DE76FB6D06DE}.Debug|x86.ActiveCfg = Debug|Any CPU
		{98D2CF17-2E40-4958-839D-DE76FB6D06DE}.Debug|x86.Build.0 = Debug|Any CPU
		{98D2CF17-2E40-4958-839D-DE76FB6D06DE}.Release|Any CPU.ActiveCfg = Release|Any CPU
		{98D2CF17-2E40-4958-839D-DE76FB6D06DE}.Release|Any CPU.Build.0 = Release|Any CPU
		{98D2CF17-2E40-4958-839D-DE76FB6D06DE}.Release|x64.ActiveCfg = Release|Any CPU
		{98D2CF17-2E40-4958-839D-DE76FB6D06DE}.Release|x64.Build.0 = Release|Any CPU
		{98D2CF17-2E40-4958-839D-DE76FB6D06DE}.Release|x86.ActiveCfg = Release|Any CPU
		{98D2CF17-2E40-4958-839D-DE76FB6D06DE}.Release|x86.Build.0 = Release|Any CPU
		{11DAEEC2-BA1A-4D90-9133-82954D53D675}.Debug|Any CPU.ActiveCfg = Debug|Any CPU
		{11DAEEC2-BA1A-4D90-9133-82954D53D675}.Debug|Any CPU.Build.0 = Debug|Any CPU
		{11DAEEC2-BA1A-4D90-9133-82954D53D675}.Debug|x64.ActiveCfg = Debug|Any CPU
		{11DAEEC2-BA1A-4D90-9133-82954D53D675}.Debug|x64.Build.0 = Debug|Any CPU
		{11DAEEC2-BA1A-4D90-9133-82954D53D675}.Debug|x86.ActiveCfg = Debug|Any CPU
		{11DAEEC2-BA1A-4D90-9133-82954D53D675}.Debug|x86.Build.0 = Debug|Any CPU
		{11DAEEC2-BA1A-4D90-9133-82954D53D675}.Release|Any CPU.ActiveCfg = Release|Any CPU
		{11DAEEC2-BA1A-4D90-9133-82954D53D675}.Release|Any CPU.Build.0 = Release|Any CPU
		{11DAEEC2-BA1A-4D90-9133-82954D53D675}.Release|x64.ActiveCfg = Release|Any CPU
		{11DAEEC2-BA1A-4D90-9133-82954D53D675}.Release|x64.Build.0 = Release|Any CPU
		{11DAEEC2-BA1A-4D90-9133-82954D53D675}.Release|x86.ActiveCfg = Release|Any CPU
		{11DAEEC2-BA1A-4D90-9133-82954D53D675}.Release|x86.Build.0 = Release|Any CPU
		{A3698238-FA73-4F58-9E0E-AF5D7E3BCDB3}.Debug|Any CPU.ActiveCfg = Debug|Any CPU
		{A3698238-FA73-4F58-9E0E-AF5D7E3BCDB3}.Debug|Any CPU.Build.0 = Debug|Any CPU
		{A3698238-FA73-4F58-9E0E-AF5D7E3BCDB3}.Debug|x64.ActiveCfg = Debug|Any CPU
		{A3698238-FA73-4F58-9E0E-AF5D7E3BCDB3}.Debug|x64.Build.0 = Debug|Any CPU
		{A3698238-FA73-4F58-9E0E-AF5D7E3BCDB3}.Debug|x86.ActiveCfg = Debug|Any CPU
		{A3698238-FA73-4F58-9E0E-AF5D7E3BCDB3}.Debug|x86.Build.0 = Debug|Any CPU
		{A3698238-FA73-4F58-9E0E-AF5D7E3BCDB3}.Release|Any CPU.ActiveCfg = Release|Any CPU
		{A3698238-FA73-4F58-9E0E-AF5D7E3BCDB3}.Release|Any CPU.Build.0 = Release|Any CPU
		{A3698238-FA73-4F58-9E0E-AF5D7E3BCDB3}.Release|x64.ActiveCfg = Release|Any CPU
		{A3698238-FA73-4F58-9E0E-AF5D7E3BCDB3}.Release|x64.Build.0 = Release|Any CPU
		{A3698238-FA73-4F58-9E0E-AF5D7E3BCDB3}.Release|x86.ActiveCfg = Release|Any CPU
		{A3698238-FA73-4F58-9E0E-AF5D7E3BCDB3}.Release|x86.Build.0 = Release|Any CPU
		{6131A6E7-057D-4D08-9B18-C6D5D6659035}.Debug|Any CPU.ActiveCfg = Debug|Any CPU
		{6131A6E7-057D-4D08-9B18-C6D5D6659035}.Debug|Any CPU.Build.0 = Debug|Any CPU
		{6131A6E7-057D-4D08-9B18-C6D5D6659035}.Debug|x64.ActiveCfg = Debug|Any CPU
		{6131A6E7-057D-4D08-9B18-C6D5D6659035}.Debug|x64.Build.0 = Debug|Any CPU
		{6131A6E7-057D-4D08-9B18-C6D5D6659035}.Debug|x86.ActiveCfg = Debug|Any CPU
		{6131A6E7-057D-4D08-9B18-C6D5D6659035}.Debug|x86.Build.0 = Debug|Any CPU
		{6131A6E7-057D-4D08-9B18-C6D5D6659035}.Release|Any CPU.ActiveCfg = Release|Any CPU
		{6131A6E7-057D-4D08-9B18-C6D5D6659035}.Release|Any CPU.Build.0 = Release|Any CPU
		{6131A6E7-057D-4D08-9B18-C6D5D6659035}.Release|x64.ActiveCfg = Release|Any CPU
		{6131A6E7-057D-4D08-9B18-C6D5D6659035}.Release|x64.Build.0 = Release|Any CPU
		{6131A6E7-057D-4D08-9B18-C6D5D6659035}.Release|x86.ActiveCfg = Release|Any CPU
		{6131A6E7-057D-4D08-9B18-C6D5D6659035}.Release|x86.Build.0 = Release|Any CPU
		{369D83AB-ADE2-42E3-8B7E-9FFFAAC6039D}.Debug|Any CPU.ActiveCfg = Debug|Any CPU
		{369D83AB-ADE2-42E3-8B7E-9FFFAAC6039D}.Debug|Any CPU.Build.0 = Debug|Any CPU
		{369D83AB-ADE2-42E3-8B7E-9FFFAAC6039D}.Debug|x64.ActiveCfg = Debug|Any CPU
		{369D83AB-ADE2-42E3-8B7E-9FFFAAC6039D}.Debug|x64.Build.0 = Debug|Any CPU
		{369D83AB-ADE2-42E3-8B7E-9FFFAAC6039D}.Debug|x86.ActiveCfg = Debug|Any CPU
		{369D83AB-ADE2-42E3-8B7E-9FFFAAC6039D}.Debug|x86.Build.0 = Debug|Any CPU
		{369D83AB-ADE2-42E3-8B7E-9FFFAAC6039D}.Release|Any CPU.ActiveCfg = Release|Any CPU
		{369D83AB-ADE2-42E3-8B7E-9FFFAAC6039D}.Release|Any CPU.Build.0 = Release|Any CPU
		{369D83AB-ADE2-42E3-8B7E-9FFFAAC6039D}.Release|x64.ActiveCfg = Release|Any CPU
		{369D83AB-ADE2-42E3-8B7E-9FFFAAC6039D}.Release|x64.Build.0 = Release|Any CPU
		{369D83AB-ADE2-42E3-8B7E-9FFFAAC6039D}.Release|x86.ActiveCfg = Release|Any CPU
		{369D83AB-ADE2-42E3-8B7E-9FFFAAC6039D}.Release|x86.Build.0 = Release|Any CPU
		{3E3BAF59-57FE-6436-16B7-87C901105AD6}.Debug|Any CPU.ActiveCfg = Debug|Any CPU
		{3E3BAF59-57FE-6436-16B7-87C901105AD6}.Debug|Any CPU.Build.0 = Debug|Any CPU
		{3E3BAF59-57FE-6436-16B7-87C901105AD6}.Debug|x64.ActiveCfg = Debug|Any CPU
		{3E3BAF59-57FE-6436-16B7-87C901105AD6}.Debug|x64.Build.0 = Debug|Any CPU
		{3E3BAF59-57FE-6436-16B7-87C901105AD6}.Debug|x86.ActiveCfg = Debug|Any CPU
		{3E3BAF59-57FE-6436-16B7-87C901105AD6}.Debug|x86.Build.0 = Debug|Any CPU
		{3E3BAF59-57FE-6436-16B7-87C901105AD6}.Release|Any CPU.ActiveCfg = Release|Any CPU
		{3E3BAF59-57FE-6436-16B7-87C901105AD6}.Release|Any CPU.Build.0 = Release|Any CPU
		{3E3BAF59-57FE-6436-16B7-87C901105AD6}.Release|x64.ActiveCfg = Release|Any CPU
		{3E3BAF59-57FE-6436-16B7-87C901105AD6}.Release|x64.Build.0 = Release|Any CPU
		{3E3BAF59-57FE-6436-16B7-87C901105AD6}.Release|x86.ActiveCfg = Release|Any CPU
		{3E3BAF59-57FE-6436-16B7-87C901105AD6}.Release|x86.Build.0 = Release|Any CPU
		{A47565EB-0F2C-499A-9327-9EE92920518F}.Debug|Any CPU.ActiveCfg = Debug|Any CPU
		{A47565EB-0F2C-499A-9327-9EE92920518F}.Debug|Any CPU.Build.0 = Debug|Any CPU
		{A47565EB-0F2C-499A-9327-9EE92920518F}.Debug|x64.ActiveCfg = Debug|Any CPU
		{A47565EB-0F2C-499A-9327-9EE92920518F}.Debug|x64.Build.0 = Debug|Any CPU
		{A47565EB-0F2C-499A-9327-9EE92920518F}.Debug|x86.ActiveCfg = Debug|Any CPU
		{A47565EB-0F2C-499A-9327-9EE92920518F}.Debug|x86.Build.0 = Debug|Any CPU
		{A47565EB-0F2C-499A-9327-9EE92920518F}.Release|Any CPU.ActiveCfg = Release|Any CPU
		{A47565EB-0F2C-499A-9327-9EE92920518F}.Release|Any CPU.Build.0 = Release|Any CPU
		{A47565EB-0F2C-499A-9327-9EE92920518F}.Release|x64.ActiveCfg = Release|Any CPU
		{A47565EB-0F2C-499A-9327-9EE92920518F}.Release|x64.Build.0 = Release|Any CPU
		{A47565EB-0F2C-499A-9327-9EE92920518F}.Release|x86.ActiveCfg = Release|Any CPU
		{A47565EB-0F2C-499A-9327-9EE92920518F}.Release|x86.Build.0 = Release|Any CPU
		{96433194-8149-4B00-98E5-4A1ECCA04BD8}.Debug|Any CPU.ActiveCfg = Debug|Any CPU
		{96433194-8149-4B00-98E5-4A1ECCA04BD8}.Debug|Any CPU.Build.0 = Debug|Any CPU
		{96433194-8149-4B00-98E5-4A1ECCA04BD8}.Debug|x64.ActiveCfg = Debug|Any CPU
		{96433194-8149-4B00-98E5-4A1ECCA04BD8}.Debug|x64.Build.0 = Debug|Any CPU
		{96433194-8149-4B00-98E5-4A1ECCA04BD8}.Debug|x86.ActiveCfg = Debug|Any CPU
		{96433194-8149-4B00-98E5-4A1ECCA04BD8}.Debug|x86.Build.0 = Debug|Any CPU
		{96433194-8149-4B00-98E5-4A1ECCA04BD8}.Release|Any CPU.ActiveCfg = Release|Any CPU
		{96433194-8149-4B00-98E5-4A1ECCA04BD8}.Release|Any CPU.Build.0 = Release|Any CPU
		{96433194-8149-4B00-98E5-4A1ECCA04BD8}.Release|x64.ActiveCfg = Release|Any CPU
		{96433194-8149-4B00-98E5-4A1ECCA04BD8}.Release|x64.Build.0 = Release|Any CPU
		{96433194-8149-4B00-98E5-4A1ECCA04BD8}.Release|x86.ActiveCfg = Release|Any CPU
		{96433194-8149-4B00-98E5-4A1ECCA04BD8}.Release|x86.Build.0 = Release|Any CPU
	EndGlobalSection
	GlobalSection(SolutionProperties) = preSolution
		HideSolutionNode = FALSE
	EndGlobalSection
	GlobalSection(ExtensibilityGlobals) = postSolution
		SolutionGuid = {F3A791C6-A94D-4FC0-855A-44845AA8BAE4}
	EndGlobalSection
EndGlobal
